
Microsoft Visual Studio Solution File, Format Version 12.00
# Visual Studio Version 16
VisualStudioVersion = 16.0.31624.102
MinimumVisualStudioVersion = 10.0.40219.1
Project("{9A19103F-16F7-4668-BE54-9A1E7A4F7556}") = "WebApiPruebaDavivienda", "WebApiPruebaDavivienda\WebApiPruebaDavivienda.csproj", "{BD6BF26F-D8A8-475B-BAF6-A243D0388761}"
EndProject
Global
	GlobalSection(SolutionConfigurationPlatforms) = preSolution
		Debug|Any CPU = Debug|Any CPU
		Release|Any CPU = Release|Any CPU
	EndGlobalSection
	GlobalSection(ProjectConfigurationPlatforms) = postSolution
		{BD6BF26F-D8A8-475B-BAF6-A243D0388761}.Debug|Any CPU.ActiveCfg = Debug|Any CPU
		{BD6BF26F-D8A8-475B-BAF6-A243D0388761}.Debug|Any CPU.Build.0 = Debug|Any CPU
		{BD6BF26F-D8A8-475B-BAF6-A243D0388761}.Release|Any CPU.ActiveCfg = Release|Any CPU
		{BD6BF26F-D8A8-475B-BAF6-A243D0388761}.Release|Any CPU.Build.0 = Release|Any CPU
	EndGlobalSection
	GlobalSection(SolutionProperties) = preSolution
		HideSolutionNode = FALSE
	EndGlobalSection
	GlobalSection(ExtensibilityGlobals) = postSolution
		SolutionGuid = {86D79752-6A1D-4A3F-850C-9BC968A26D81}
	EndGlobalSection
EndGlobal
